
Microsoft Visual Studio Solution File, Format Version 12.00
# Visual Studio Version 17
VisualStudioVersion = 17.11.35327.3
MinimumVisualStudioVersion = 10.0.40219.1
Project("{FAE04EC0-301F-11D3-BF4B-00C04F79EFBC}") = "task1", "task\task1.csproj", "{866068DB-9719-40AF-B742-3453ECFFBF40}"
EndProject
Project("{FAE04EC0-301F-11D3-BF4B-00C04F79EFBC}") = "task 2", "task 2\task 2.csproj", "{B1C967CC-2D27-42E6-B623-BA89D8952172}"
EndProject
Project("{FAE04EC0-301F-11D3-BF4B-00C04F79EFBC}") = "task3", "task3\task3.csproj", "{593FD402-0D14-4085-BC3E-928854B35C3B}"
EndProject
Project("{FAE04EC0-301F-11D3-BF4B-00C04F79EFBC}") = "task4", "task4\task4.csproj", "{37D9D90D-B733-435B-9FBA-DC6F7303909D}"
EndProject
Project("{FAE04EC0-301F-11D3-BF4B-00C04F79EFBC}") = "task5", "task5\task5.csproj", "{218F6D64-D456-4849-8F6B-20E00C7B6610}"
EndProject
Global
	GlobalSection(SolutionConfigurationPlatforms) = preSolution
		Debug|Any CPU = Debug|Any CPU
		Release|Any CPU = Release|Any CPU
	EndGlobalSection
	GlobalSection(ProjectConfigurationPlatforms) = postSolution
		{866068DB-9719-40AF-B742-3453ECFFBF40}.Debug|Any CPU.ActiveCfg = Debug|Any CPU
		{866068DB-9719-40AF-B742-3453ECFFBF40}.Debug|Any CPU.Build.0 = Debug|Any CPU
		{866068DB-9719-40AF-B742-3453ECFFBF40}.Release|Any CPU.ActiveCfg = Release|Any CPU
		{866068DB-9719-40AF-B742-3453ECFFBF40}.Release|Any CPU.Build.0 = Release|Any CPU
		{B1C967CC-2D27-42E6-B623-BA89D8952172}.Debug|Any CPU.ActiveCfg = Debug|Any CPU
		{B1C967CC-2D27-42E6-B623-BA89D8952172}.Debug|Any CPU.Build.0 = Debug|Any CPU
		{B1C967CC-2D27-42E6-B623-BA89D8952172}.Release|Any CPU.ActiveCfg = Release|Any CPU
		{B1C967CC-2D27-42E6-B623-BA89D8952172}.Release|Any CPU.Build.0 = Release|Any CPU
		{593FD402-0D14-4085-BC3E-928854B35C3B}.Debug|Any CPU.ActiveCfg = Debug|Any CPU
		{593FD402-0D14-4085-BC3E-928854B35C3B}.Debug|Any CPU.Build.0 = Debug|Any CPU
		{593FD402-0D14-4085-BC3E-928854B35C3B}.Release|Any CPU.ActiveCfg = Release|Any CPU
		{593FD402-0D14-4085-BC3E-928854B35C3B}.Release|Any CPU.Build.0 = Release|Any CPU
		{37D9D90D-B733-435B-9FBA-DC6F7303909D}.Debug|Any CPU.ActiveCfg = Debug|Any CPU
		{37D9D90D-B733-435B-9FBA-DC6F7303909D}.Debug|Any CPU.Build.0 = Debug|Any CPU
		{37D9D90D-B733-435B-9FBA-DC6F7303909D}.Release|Any CPU.ActiveCfg = Release|Any CPU
		{37D9D90D-B733-435B-9FBA-DC6F7303909D}.Release|Any CPU.Build.0 = Release|Any CPU
		{218F6D64-D456-4849-8F6B-20E00C7B6610}.Debug|Any CPU.ActiveCfg = Debug|Any CPU
		{218F6D64-D456-4849-8F6B-20E00C7B6610}.Debug|Any CPU.Build.0 = Debug|Any CPU
		{218F6D64-D456-4849-8F6B-20E00C7B6610}.Release|Any CPU.ActiveCfg = Release|Any CPU
		{218F6D64-D456-4849-8F6B-20E00C7B6610}.Release|Any CPU.Build.0 = Release|Any CPU
	EndGlobalSection
	GlobalSection(SolutionProperties) = preSolution
		HideSolutionNode = FALSE
	EndGlobalSection
	GlobalSection(ExtensibilityGlobals) = postSolution
		SolutionGuid = {A9A031B6-398D-4D8D-8922-8A5B99AC9108}
	EndGlobalSection
EndGlobal
